// !$*UTF8*$!
{
	archiveVersion = 1;
	classes = {
	};
	objectVersion = 46;
	objects = {

/* Begin PBXBuildFile section */
		D878A92A1D29E1DB002A3D75 /* main.m in Sources */ = {isa = PBXBuildFile; fileRef = D878A9291D29E1DB002A3D75 /* main.m */; };
		D878A92D1D29E1DB002A3D75 /* AppDelegate.m in Sources */ = {isa = PBXBuildFile; fileRef = D878A92C1D29E1DB002A3D75 /* AppDelegate.m */; };
		D878A9351D29E1DB002A3D75 /* Assets.xcassets in Resources */ = {isa = PBXBuildFile; fileRef = D878A9341D29E1DB002A3D75 /* Assets.xcassets */; };
		D878A9381D29E1DB002A3D75 /* LaunchScreen.storyboard in Resources */ = {isa = PBXBuildFile; fileRef = D878A9361D29E1DB002A3D75 /* LaunchScreen.storyboard */; };
/* End PBXBuildFile section */

/* Begin PBXFileReference section */
		D878A9251D29E1DB002A3D75 /* ChengNi.app */ = {isa = PBXFileReference; explicitFileType = wrapper.application; includeInIndex = 0; path = ChengNi.app; sourceTree = BUILT_PRODUCTS_DIR; };
		D878A9291D29E1DB002A3D75 /* main.m */ = {isa = PBXFileReference; lastKnownFileType = sourcecode.c.objc; path = main.m; sourceTree = "<group>"; };
		D878A92B1D29E1DB002A3D75 /* AppDelegate.h */ = {isa = PBXFileReference; lastKnownFileType = sourcecode.c.h; path = AppDelegate.h; sourceTree = "<group>"; };
		D878A92C1D29E1DB002A3D75 /* AppDelegate.m */ = {isa = PBXFileReference; lastKnownFileType = sourcecode.c.objc; path = AppDelegate.m; sourceTree = "<group>"; };
		D878A9341D29E1DB002A3D75 /* Assets.xcassets */ = {isa = PBXFileReference; lastKnownFileType = folder.assetcatalog; path = Assets.xcassets; sourceTree = "<group>"; };
		D878A9371D29E1DB002A3D75 /* Base */ = {isa = PBXFileReference; lastKnownFileType = file.storyboard; name = Base; path = Base.lproj/LaunchScreen.storyboard; sourceTree = "<group>"; };
		D878A9391D29E1DB002A3D75 /* Info.plist */ = {isa = PBXFileReference; lastKnownFileType = text.plist.xml; path = Info.plist; sourceTree = "<group>"; };
/* End PBXFileReference section */

/* Begin PBXFrameworksBuildPhase section */
		D878A9221D29E1DB002A3D75 /* Frameworks */ = {
			isa = PBXFrameworksBuildPhase;
			buildActionMask = 2147483647;
			files = (
			);
			runOnlyForDeploymentPostprocessing = 0;
		};
/* End PBXFrameworksBuildPhase section */

/* Begin PBXGroup section */
		D878A91C1D29E1DB002A3D75 = {
			isa = PBXGroup;
			children = (
				D878A9271D29E1DB002A3D75 /* ChengNi */,
				D878A9261D29E1DB002A3D75 /* Products */,
			);
			sourceTree = "<group>";
		};
		D878A9261D29E1DB002A3D75 /* Products */ = {
			isa = PBXGroup;
			children = (
				D878A9251D29E1DB002A3D75 /* ChengNi.app */,
			);
			name = Products;
			sourceTree = "<group>";
		};
		D878A9271D29E1DB002A3D75 /* ChengNi */ = {
			isa = PBXGroup;
			children = (
				D878A92B1D29E1DB002A3D75 /* AppDelegate.h */,
				D878A92C1D29E1DB002A3D75 /* AppDelegate.m */,
				D878A9341D29E1DB002A3D75 /* Assets.xcassets */,
				D878A9361D29E1DB002A3D75 /* LaunchScreen.storyboard */,
				D878A9391D29E1DB002A3D75 /* Info.plist */,
				D878A9281D29E1DB002A3D75 /* Supporting Files */,
			);
			path = ChengNi;
			sourceTree = "<group>";
		};
		D878A9281D29E1DB002A3D75 /* Supporting Files */ = {
			isa = PBXGroup;
			children = (
				D878A9291D29E1DB002A3D75 /* main.m */,
			);
			name = "Supporting Files";
			sourceTree = "<group>";
		};
/* End PBXGroup section */

/* Begin PBXNativeTarget section */
		D878A9241D29E1DB002A3D75 /* ChengNi */ = {
			isa = PBXNativeTarget;
			buildConfigurationList = D878A93C1D29E1DB002A3D75 /* Build configuration list for PBXNativeTarget "ChengNi" */;
			buildPhases = (
				D878A9211D29E1DB002A3D75 /* Sources */,
				D878A9221D29E1DB002A3D75 /* Frameworks */,
				D878A9231D29E1DB002A3D75 /* Resources */,
			);
			buildRules = (
			);
			dependencies = (
			);
			name = ChengNi;
			productName = ChengNi;
			productReference = D878A9251D29E1DB002A3D75 /* ChengNi.app */;
			productType = "com.apple.product-type.application";
		};
/* End PBXNativeTarget section */

/* Begin PBXProject section */
		D878A91D1D29E1DB002A3D75 /* Project object */ = {
			isa = PBXProject;
			attributes = {
				LastUpgradeCheck = 0710;
				ORGANIZATIONNAME = win;
				TargetAttributes = {
					D878A9241D29E1DB002A3D75 = {
						CreatedOnToolsVersion = 7.1;
					};
				};
			};
			buildConfigurationList = D878A9201D29E1DB002A3D75 /* Build configuration list for PBXProject "ChengNi" */;
			compatibilityVersion = "Xcode 3.2";
			developmentRegion = English;
			hasScannedForEncodings = 0;
			knownRegions = (
				en,
				Base,
			);
			mainGroup = D878A91C1D29E1DB002A3D75;
			productRefGroup = D878A9261D29E1DB002A3D75 /* Products */;
			projectDirPath = "";
			projectRoot = "";
			targets = (
				D878A9241D29E1DB002A3D75 /* ChengNi */,
			);
		};
/* End PBXProject section */

/* Begin PBXResourcesBuildPhase section */
		D878A9231D29E1DB002A3D75 /* Resources */ = {
			isa = PBXResourcesBuildPhase;
			buildActionMask = 2147483647;
			files = (
				D878A9381D29E1DB002A3D75 /* LaunchScreen.storyboard in Resources */,
				D878A9351D29E1DB002A3D75 /* Assets.xcassets in Resources */,
			);
			runOnlyForDeploymentPostprocessing = 0;
		};
/* End PBXResourcesBuildPhase section */

/* Begin PBXSourcesBuildPhase section */
		D878A9211D29E1DB002A3D75 /* Sources */ = {
			isa = PBXSourcesBuildPhase;
			buildActionMask = 2147483647;
			files = (
				D878A92D1D29E1DB002A3D75 /* AppDelegate.m in Sources */,
				D878A92A1D29E1DB002A3D75 /* main.m in Sources */,
			);
			runOnlyForDeploymentPostprocessing = 0;
		};
/* End PBXSourcesBuildPhase section */

/* Begin PBXVariantGroup section */
		D878A9361D29E1DB002A3D75 /* LaunchScreen.storyboard */ = {
			isa = PBXVariantGroup;
			children = (
				D878A9371D29E1DB002A3D75 /* Base */,
			);
			name = LaunchScreen.storyboard;
			sourceTree = "<group>";
		};
/* End PBXVariantGroup section */

/* Begin XCBuildConfiguration section */
		D878A93A1D29E1DB002A3D75 /* Debug */ = {
			isa = XCBuildConfiguration;
			buildSettings = {
				ALWAYS_SEARCH_USER_PATHS = NO;
				CLANG_CXX_LANGUAGE_STANDARD = "gnu++0x";
				CLANG_CXX_LIBRARY = "libc++";
				CLANG_ENABLE_MODULES = YES;
				CLANG_ENABLE_OBJC_ARC = YES;
				CLANG_WARN_BOOL_CONVERSION = YES;
				CLANG_WARN_CONSTANT_CONVERSION = YES;
				CLANG_WARN_DIRECT_OBJC_ISA_USAGE = YES_ERROR;
				CLANG_WARN_EMPTY_BODY = YES;
				CLANG_WARN_ENUM_CONVERSION = YES;
				CLANG_WARN_INT_CONVERSION = YES;
				CLANG_WARN_OBJC_ROOT_CLASS = YES_ERROR;
				CLANG_WARN_UNREACHABLE_CODE = YES;
				CLANG_WARN__DUPLICATE_METHOD_MATCH = YES;
				"CODE_SIGN_IDENTITY[sdk=iphoneos*]" = "iPhone Developer";
				COPY_PHASE_STRIP = NO;
				DEBUG_INFORMATION_FORMAT = dwarf;
				ENABLE_STRICT_OBJC_MSGSEND = YES;
				ENABLE_TESTABILITY = YES;
				GCC_C_LANGUAGE_STANDARD = gnu99;
				GCC_DYNAMIC_NO_PIC = NO;
				GCC_NO_COMMON_BLOCKS = YES;
				GCC_OPTIMIZATION_LEVEL = 0;
				GCC_PREPROCESSOR_DEFINITIONS = (
					"DEBUG=1",
					"$(inherited)",
				);
				GCC_WARN_64_TO_32_BIT_CONVERSION = YES;
				GCC_WARN_ABOUT_RETURN_TYPE = YES_ERROR;
				GCC_WARN_UNDECLARED_SELECTOR = YES;
				GCC_WARN_UNINITIALIZED_AUTOS = YES_AGGRESSIVE;
				GCC_WARN_UNUSED_FUNCTION = YES;
				GCC_WARN_UNUSED_VARIABLE = YES;
				IPHONEOS_DEPLOYMENT_TARGET = 9.1;
				MTL_ENABLE_DEBUG_INFO = YES;
				ONLY_ACTIVE_ARCH = YES;
				SDKROOT = iphoneos;
				TARGETED_DEVICE_FAMILY = "1,2";
			};
			name = Debug;
		};
		D878A93B1D29E1DB002A3D75 /* Release */ = {
			isa = XCBuildConfiguration;
			buildSettings = {
				ALWAYS_SEARCH_USER_PATHS = NO;
				CLANG_CXX_LANGUAGE_STANDARD = "gnu++0x";
				CLANG_CXX_LIBRARY = "libc++";
				CLANG_ENABLE_MODULES = YES;
				CLANG_ENABLE_OBJC_ARC = YES;
				CLANG_WARN_BOOL_CONVERSION = YES;
				CLANG_WARN_CONSTANT_CONVERSION = YES;
				CLANG_WARN_DIRECT_OBJC_ISA_USAGE = YES_ERROR;
				CLANG_WARN_EMPTY_BODY = YES;
				CLANG_WARN_ENUM_CONVERSION = YES;
				CLANG_WARN_INT_CONVERSION = YES;
				CLANG_WARN_OBJC_ROOT_CLASS = YES_ERROR;
				CLANG_WARN_UNREACHABLE_CODE = YES;
				CLANG_WARN__DUPLICATE_METHOD_MATCH = YES;
				"CODE_SIGN_IDENTITY[sdk=iphoneos*]" = "iPhone Developer";
				COPY_PHASE_STRIP = NO;
				DEBUG_INFORMATION_FORMAT = "dwarf-with-dsym";
				ENABLE_NS_ASSERTIONS = NO;
				ENABLE_STRICT_OBJC_MSGSEND = YES;
				GCC_C_LANGUAGE_STANDARD = gnu99;
				GCC_NO_COMMON_BLOCKS = YES;
				GCC_WARN_64_TO_32_BIT_CONVERSION = YES;
				GCC_WARN_ABOUT_RETURN_TYPE = YES_ERROR;
				GCC_WARN_UNDECLARED_SELECTOR = YES;
				GCC_WARN_UNINITIALIZED_AUTOS = YES_AGGRESSIVE;
				GCC_WARN_UNUSED_FUNCTION = YES;
				GCC_WARN_UNUSED_VARIABLE = YES;
				IPHONEOS_DEPLOYMENT_TARGET = 9.1;
				MTL_ENABLE_DEBUG_INFO = NO;
				SDKROOT = iphoneos;
				TARGETED_DEVICE_FAMILY = "1,2";
				VALIDATE_PRODUCT = YES;
			};
			name = Release;
		};
		D878A93D1D29E1DB002A3D75 /* Debug */ = {
			isa = XCBuildConfiguration;
			buildSettings = {
				ASSETCATALOG_COMPILER_APPICON_NAME = AppIcon;
				INFOPLIST_FILE = ChengNi/Info.plist;
				LD_RUNPATH_SEARCH_PATHS = "$(inherited) @executable_path/Frameworks";
				PRODUCT_BUNDLE_IDENTIFIER = win.com.cn.ChengNi;
				PRODUCT_NAME = "$(TARGET_NAME)";
			};
			name = Debug;
		};
		D878A93E1D29E1DB002A3D75 /* Release */ = {
			isa = XCBuildConfiguration;
			buildSettings = {
				ASSETCATALOG_COMPILER_APPICON_NAME = AppIcon;
				INFOPLIST_FILE = ChengNi/Info.plist;
				LD_RUNPATH_SEARCH_PATHS = "$(inherited) @executable_path/Frameworks";
				PRODUCT_BUNDLE_IDENTIFIER = win.com.cn.ChengNi;
				PRODUCT_NAME = "$(TARGET_NAME)";
			};
			name = Release;
		};
/* End XCBuildConfiguration section */

/* Begin XCConfigurationList section */
		D878A9201D29E1DB002A3D75 /* Build configuration list for PBXProject "ChengNi" */ = {
			isa = XCConfigurationList;
			buildConfigurations = (
				D878A93A1D29E1DB002A3D75 /* Debug */,
				D878A93B1D29E1DB002A3D75 /* Release */,
			);
			defaultConfigurationIsVisible = 0;
			defaultConfigurationName = Release;
		};
		D878A93C1D29E1DB002A3D75 /* Build configuration list for PBXNativeTarget "ChengNi" */ = {
			isa = XCConfigurationList;
			buildConfigurations = (
				D878A93D1D29E1DB002A3D75 /* Debug */,
				D878A93E1D29E1DB002A3D75 /* Release */,
			);
			defaultConfigurationIsVisible = 0;
		};
/* End XCConfigurationList section */
	};
	rootObject = D878A91D1D29E1DB002A3D75 /* Project object */;
}
